
Microsoft Visual Studio Solution File, Format Version 12.00
# Visual Studio Version 17
VisualStudioVersion = 17.0.31903.59
MinimumVisualStudioVersion = 10.0.40219.1
Project("{FAE04EC0-301F-11D3-BF4B-00C04F79EFBC}") = "AdventOfCode.Common", "AdventOfCode.Common\AdventOfCode.Common.csproj", "{FE8B8D46-06DE-4118-8C00-91C4EDFA2984}"
EndProject
Project("{FAE04EC0-301F-11D3-BF4B-00C04F79EFBC}") = "AdventOfCode.Day01", "AdventOfCode.Day01\AdventOfCode.Day01.csproj", "{AA98BC91-7045-49FB-AB57-7FAD613DB3D5}"
EndProject
Project("{FAE04EC0-301F-11D3-BF4B-00C04F79EFBC}") = "AdventOfCode.Day02", "AdventOfCode.Day02\AdventOfCode.Day02.csproj", "{70E206D5-903C-4135-AA36-435E96231E97}"
EndProject
Global
	GlobalSection(SolutionConfigurationPlatforms) = preSolution
		Debug|Any CPU = Debug|Any CPU
		Release|Any CPU = Release|Any CPU
	EndGlobalSection
	GlobalSection(SolutionProperties) = preSolution
		HideSolutionNode = FALSE
	EndGlobalSection
	GlobalSection(ProjectConfigurationPlatforms) = postSolution
		{FE8B8D46-06DE-4118-8C00-91C4EDFA2984}.Debug|Any CPU.ActiveCfg = Debug|Any CPU
		{FE8B8D46-06DE-4118-8C00-91C4EDFA2984}.Debug|Any CPU.Build.0 = Debug|Any CPU
		{FE8B8D46-06DE-4118-8C00-91C4EDFA2984}.Release|Any CPU.ActiveCfg = Release|Any CPU
		{FE8B8D46-06DE-4118-8C00-91C4EDFA2984}.Release|Any CPU.Build.0 = Release|Any CPU
		{AA98BC91-7045-49FB-AB57-7FAD613DB3D5}.Debug|Any CPU.ActiveCfg = Debug|Any CPU
		{AA98BC91-7045-49FB-AB57-7FAD613DB3D5}.Debug|Any CPU.Build.0 = Debug|Any CPU
		{AA98BC91-7045-49FB-AB57-7FAD613DB3D5}.Release|Any CPU.ActiveCfg = Release|Any CPU
		{AA98BC91-7045-49FB-AB57-7FAD613DB3D5}.Release|Any CPU.Build.0 = Release|Any CPU
		{70E206D5-903C-4135-AA36-435E96231E97}.Debug|Any CPU.ActiveCfg = Debug|Any CPU
		{70E206D5-903C-4135-AA36-435E96231E97}.Debug|Any CPU.Build.0 = Debug|Any CPU
		{70E206D5-903C-4135-AA36-435E96231E97}.Release|Any CPU.ActiveCfg = Release|Any CPU
		{70E206D5-903C-4135-AA36-435E96231E97}.Release|Any CPU.Build.0 = Release|Any CPU
	EndGlobalSection
EndGlobal
